
Microsoft Visual Studio Solution File, Format Version 12.00
Project("{FAE04EC0-301F-11D3-BF4B-00C04F79EFBC}") = "Demo", "Demo\Demo.csproj", "{F79BA751-7C39-4805-A48D-B9ED70C70EB5}"
EndProject
Global
	GlobalSection(SolutionConfigurationPlatforms) = preSolution
		Debug|Any CPU = Debug|Any CPU
		Release|Any CPU = Release|Any CPU
	EndGlobalSection
	GlobalSection(ProjectConfigurationPlatforms) = postSolution
		{F79BA751-7C39-4805-A48D-B9ED70C70EB5}.Debug|Any CPU.ActiveCfg = Debug|Any CPU
		{F79BA751-7C39-4805-A48D-B9ED70C70EB5}.Debug|Any CPU.Build.0 = Debug|Any CPU
		{F79BA751-7C39-4805-A48D-B9ED70C70EB5}.Release|Any CPU.ActiveCfg = Release|Any CPU
		{F79BA751-7C39-4805-A48D-B9ED70C70EB5}.Release|Any CPU.Build.0 = Release|Any CPU
	EndGlobalSection
EndGlobal
